
Microsoft Visual Studio Solution File, Format Version 12.00
# Visual Studio Version 17
VisualStudioVersion = 17.0.31903.59
MinimumVisualStudioVersion = 10.0.40219.1
Project("{2150E333-8FDC-42A3-9474-1A3956D46DE8}") = "src", "src", "{827E0CD3-B72D-47B6-A68D-7590B98EB39B}"
EndProject
Project("{FAE04EC0-301F-11D3-BF4B-00C04F79EFBC}") = "Blanquita.Domain", "src\Blanquita.Domain\Blanquita.Domain.csproj", "{68E72F78-D3B9-4693-A92A-D959ED3CB6F3}"
EndProject
Project("{FAE04EC0-301F-11D3-BF4B-00C04F79EFBC}") = "Blanquita.Application", "src\Blanquita.Application\Blanquita.Application.csproj", "{5F237811-693B-4488-83B0-66BBA21BB333}"
EndProject
Project("{FAE04EC0-301F-11D3-BF4B-00C04F79EFBC}") = "Blanquita.Infrastructure", "src\Blanquita.Infrastructure\Blanquita.Infrastructure.csproj", "{4A15AE80-E837-41F7-A1B9-05929C513A9A}"
EndProject
Project("{FAE04EC0-301F-11D3-BF4B-00C04F79EFBC}") = "Blanquita.Web", "src\Blanquita.Web\Blanquita.Web.csproj", "{A8A2DECF-561C-4904-BA82-876BEF13F731}"
EndProject
Project("{2150E333-8FDC-42A3-9474-1A3956D46DE8}") = "tests", "tests", "{0AB3BF05-4346-4AA6-1389-037BE0695223}"
EndProject
Project("{FAE04EC0-301F-11D3-BF4B-00C04F79EFBC}") = "Blanquita.Domain.Tests", "tests\Blanquita.Domain.Tests\Blanquita.Domain.Tests.csproj", "{EFB6EEC7-D825-40C5-9A66-4735C437A926}"
EndProject
Project("{FAE04EC0-301F-11D3-BF4B-00C04F79EFBC}") = "Blanquita.Application.Tests", "tests\Blanquita.Application.Tests\Blanquita.Application.Tests.csproj", "{C7F4E630-3773-4D70-894E-179272A45430}"
EndProject
Project("{FAE04EC0-301F-11D3-BF4B-00C04F79EFBC}") = "Blanquita.Infrastructure.Tests", "tests\Blanquita.Infrastructure.Tests\Blanquita.Infrastructure.Tests.csproj", "{92EEBCE4-F341-47FC-9C62-24E1967F3533}"
EndProject
Project("{FAE04EC0-301F-11D3-BF4B-00C04F79EFBC}") = "Blanquita.Web.Tests", "tests\Blanquita.Web.Tests\Blanquita.Web.Tests.csproj", "{0D62E0C9-C2F6-48C6-B09C-37A14BE8B8BE}"
EndProject
Global
	GlobalSection(SolutionConfigurationPlatforms) = preSolution
		Debug|Any CPU = Debug|Any CPU
		Debug|x64 = Debug|x64
		Debug|x86 = Debug|x86
		Release|Any CPU = Release|Any CPU
		Release|x64 = Release|x64
		Release|x86 = Release|x86
	EndGlobalSection
	GlobalSection(ProjectConfigurationPlatforms) = postSolution
		{68E72F78-D3B9-4693-A92A-D959ED3CB6F3}.Debug|Any CPU.ActiveCfg = Debug|Any CPU
		{68E72F78-D3B9-4693-A92A-D959ED3CB6F3}.Debug|Any CPU.Build.0 = Debug|Any CPU
		{68E72F78-D3B9-4693-A92A-D959ED3CB6F3}.Debug|x64.ActiveCfg = Debug|Any CPU
		{68E72F78-D3B9-4693-A92A-D959ED3CB6F3}.Debug|x64.Build.0 = Debug|Any CPU
		{68E72F78-D3B9-4693-A92A-D959ED3CB6F3}.Debug|x86.ActiveCfg = Debug|Any CPU
		{68E72F78-D3B9-4693-A92A-D959ED3CB6F3}.Debug|x86.Build.0 = Debug|Any CPU
		{68E72F78-D3B9-4693-A92A-D959ED3CB6F3}.Release|Any CPU.ActiveCfg = Release|Any CPU
		{68E72F78-D3B9-4693-A92A-D959ED3CB6F3}.Release|Any CPU.Build.0 = Release|Any CPU
		{68E72F78-D3B9-4693-A92A-D959ED3CB6F3}.Release|x64.ActiveCfg = Release|Any CPU
		{68E72F78-D3B9-4693-A92A-D959ED3CB6F3}.Release|x64.Build.0 = Release|Any CPU
		{68E72F78-D3B9-4693-A92A-D959ED3CB6F3}.Release|x86.ActiveCfg = Release|Any CPU
		{68E72F78-D3B9-4693-A92A-D959ED3CB6F3}.Release|x86.Build.0 = Release|Any CPU
		{5F237811-693B-4488-83B0-66BBA21BB333}.Debug|Any CPU.ActiveCfg = Debug|Any CPU
		{5F237811-693B-4488-83B0-66BBA21BB333}.Debug|Any CPU.Build.0 = Debug|Any CPU
		{5F237811-693B-4488-83B0-66BBA21BB333}.Debug|x64.ActiveCfg = Debug|Any CPU
		{5F237811-693B-4488-83B0-66BBA21BB333}.Debug|x64.Build.0 = Debug|Any CPU
		{5F237811-693B-4488-83B0-66BBA21BB333}.Debug|x86.ActiveCfg = Debug|Any CPU
		{5F237811-693B-4488-83B0-66BBA21BB333}.Debug|x86.Build.0 = Debug|Any CPU
		{5F237811-693B-4488-83B0-66BBA21BB333}.Release|Any CPU.ActiveCfg = Release|Any CPU
		{5F237811-693B-4488-83B0-66BBA21BB333}.Release|Any CPU.Build.0 = Release|Any CPU
		{5F237811-693B-4488-83B0-66BBA21BB333}.Release|x64.ActiveCfg = Release|Any CPU
		{5F237811-693B-4488-83B0-66BBA21BB333}.Release|x64.Build.0 = Release|Any CPU
		{5F237811-693B-4488-83B0-66BBA21BB333}.Release|x86.ActiveCfg = Release|Any CPU
		{5F237811-693B-4488-83B0-66BBA21BB333}.Release|x86.Build.0 = Release|Any CPU
		{4A15AE80-E837-41F7-A1B9-05929C513A9A}.Debug|Any CPU.ActiveCfg = Debug|Any CPU
		{4A15AE80-E837-41F7-A1B9-05929C513A9A}.Debug|Any CPU.Build.0 = Debug|Any CPU
		{4A15AE80-E837-41F7-A1B9-05929C513A9A}.Debug|x64.ActiveCfg = Debug|Any CPU
		{4A15AE80-E837-41F7-A1B9-05929C513A9A}.Debug|x64.Build.0 = Debug|Any CPU
		{4A15AE80-E837-41F7-A1B9-05929C513A9A}.Debug|x86.ActiveCfg = Debug|Any CPU
		{4A15AE80-E837-41F7-A1B9-05929C513A9A}.Debug|x86.Build.0 = Debug|Any CPU
		{4A15AE80-E837-41F7-A1B9-05929C513A9A}.Release|Any CPU.ActiveCfg = Release|Any CPU
		{4A15AE80-E837-41F7-A1B9-05929C513A9A}.Release|Any CPU.Build.0 = Release|Any CPU
		{4A15AE80-E837-41F7-A1B9-05929C513A9A}.Release|x64.ActiveCfg = Release|Any CPU
		{4A15AE80-E837-41F7-A1B9-05929C513A9A}.Release|x64.Build.0 = Release|Any CPU
		{4A15AE80-E837-41F7-A1B9-05929C513A9A}.Release|x86.ActiveCfg = Release|Any CPU
		{4A15AE80-E837-41F7-A1B9-05929C513A9A}.Release|x86.Build.0 = Release|Any CPU
		{A8A2DECF-561C-4904-BA82-876BEF13F731}.Debug|Any CPU.ActiveCfg = Debug|Any CPU
		{A8A2DECF-561C-4904-BA82-876BEF13F731}.Debug|Any CPU.Build.0 = Debug|Any CPU
		{A8A2DECF-561C-4904-BA82-876BEF13F731}.Debug|x64.ActiveCfg = Debug|Any CPU
		{A8A2DECF-561C-4904-BA82-876BEF13F731}.Debug|x64.Build.0 = Debug|Any CPU
		{A8A2DECF-561C-4904-BA82-876BEF13F731}.Debug|x86.ActiveCfg = Debug|Any CPU
		{A8A2DECF-561C-4904-BA82-876BEF13F731}.Debug|x86.Build.0 = Debug|Any CPU
		{A8A2DECF-561C-4904-BA82-876BEF13F731}.Release|Any CPU.ActiveCfg = Release|Any CPU
		{A8A2DECF-561C-4904-BA82-876BEF13F731}.Release|Any CPU.Build.0 = Release|Any CPU
		{A8A2DECF-561C-4904-BA82-876BEF13F731}.Release|x64.ActiveCfg = Release|Any CPU
		{A8A2DECF-561C-4904-BA82-876BEF13F731}.Release|x64.Build.0 = Release|Any CPU
		{A8A2DECF-561C-4904-BA82-876BEF13F731}.Release|x86.ActiveCfg = Release|Any CPU
		{A8A2DECF-561C-4904-BA82-876BEF13F731}.Release|x86.Build.0 = Release|Any CPU
		{EFB6EEC7-D825-40C5-9A66-4735C437A926}.Debug|Any CPU.ActiveCfg = Debug|Any CPU
		{EFB6EEC7-D825-40C5-9A66-4735C437A926}.Debug|Any CPU.Build.0 = Debug|Any CPU
		{EFB6EEC7-D825-40C5-9A66-4735C437A926}.Debug|x64.ActiveCfg = Debug|Any CPU
		{EFB6EEC7-D825-40C5-9A66-4735C437A926}.Debug|x64.Build.0 = Debug|Any CPU
		{EFB6EEC7-D825-40C5-9A66-4735C437A926}.Debug|x86.ActiveCfg = Debug|Any CPU
		{EFB6EEC7-D825-40C5-9A66-4735C437A926}.Debug|x86.Build.0 = Debug|Any CPU
		{EFB6EEC7-D825-40C5-9A66-4735C437A926}.Release|Any CPU.ActiveCfg = Release|Any CPU
		{EFB6EEC7-D825-40C5-9A66-4735C437A926}.Release|Any CPU.Build.0 = Release|Any CPU
		{EFB6EEC7-D825-40C5-9A66-4735C437A926}.Release|x64.ActiveCfg = Release|Any CPU
		{EFB6EEC7-D825-40C5-9A66-4735C437A926}.Release|x64.Build.0 = Release|Any CPU
		{EFB6EEC7-D825-40C5-9A66-4735C437A926}.Release|x86.ActiveCfg = Release|Any CPU
		{EFB6EEC7-D825-40C5-9A66-4735C437A926}.Release|x86.Build.0 = Release|Any CPU
		{C7F4E630-3773-4D70-894E-179272A45430}.Debug|Any CPU.ActiveCfg = Debug|Any CPU
		{C7F4E630-3773-4D70-894E-179272A45430}.Debug|Any CPU.Build.0 = Debug|Any CPU
		{C7F4E630-3773-4D70-894E-179272A45430}.Debug|x64.ActiveCfg = Debug|Any CPU
		{C7F4E630-3773-4D70-894E-179272A45430}.Debug|x64.Build.0 = Debug|Any CPU
		{C7F4E630-3773-4D70-894E-179272A45430}.Debug|x86.ActiveCfg = Debug|Any CPU
		{C7F4E630-3773-4D70-894E-179272A45430}.Debug|x86.Build.0 = Debug|Any CPU
		{C7F4E630-3773-4D70-894E-179272A45430}.Release|Any CPU.ActiveCfg = Release|Any CPU
		{C7F4E630-3773-4D70-894E-179272A45430}.Release|Any CPU.Build.0 = Release|Any CPU
		{C7F4E630-3773-4D70-894E-179272A45430}.Release|x64.ActiveCfg = Release|Any CPU
		{C7F4E630-3773-4D70-894E-179272A45430}.Release|x64.Build.0 = Release|Any CPU
		{C7F4E630-3773-4D70-894E-179272A45430}.Release|x86.ActiveCfg = Release|Any CPU
		{C7F4E630-3773-4D70-894E-179272A45430}.Release|x86.Build.0 = Release|Any CPU
		{92EEBCE4-F341-47FC-9C62-24E1967F3533}.Debug|Any CPU.ActiveCfg = Debug|Any CPU
		{92EEBCE4-F341-47FC-9C62-24E1967F3533}.Debug|Any CPU.Build.0 = Debug|Any CPU
		{92EEBCE4-F341-47FC-9C62-24E1967F3533}.Debug|x64.ActiveCfg = Debug|Any CPU
		{92EEBCE4-F341-47FC-9C62-24E1967F3533}.Debug|x64.Build.0 = Debug|Any CPU
		{92EEBCE4-F341-47FC-9C62-24E1967F3533}.Debug|x86.ActiveCfg = Debug|Any CPU
		{92EEBCE4-F341-47FC-9C62-24E1967F3533}.Debug|x86.Build.0 = Debug|Any CPU
		{92EEBCE4-F341-47FC-9C62-24E1967F3533}.Release|Any CPU.ActiveCfg = Release|Any CPU
		{92EEBCE4-F341-47FC-9C62-24E1967F3533}.Release|Any CPU.Build.0 = Release|Any CPU
		{92EEBCE4-F341-47FC-9C62-24E1967F3533}.Release|x64.ActiveCfg = Release|Any CPU
		{92EEBCE4-F341-47FC-9C62-24E1967F3533}.Release|x64.Build.0 = Release|Any CPU
		{92EEBCE4-F341-47FC-9C62-24E1967F3533}.Release|x86.ActiveCfg = Release|Any CPU
		{92EEBCE4-F341-47FC-9C62-24E1967F3533}.Release|x86.Build.0 = Release|Any CPU
		{0D62E0C9-C2F6-48C6-B09C-37A14BE8B8BE}.Debug|Any CPU.ActiveCfg = Debug|Any CPU
		{0D62E0C9-C2F6-48C6-B09C-37A14BE8B8BE}.Debug|Any CPU.Build.0 = Debug|Any CPU
		{0D62E0C9-C2F6-48C6-B09C-37A14BE8B8BE}.Debug|x64.ActiveCfg = Debug|Any CPU
		{0D62E0C9-C2F6-48C6-B09C-37A14BE8B8BE}.Debug|x64.Build.0 = Debug|Any CPU
		{0D62E0C9-C2F6-48C6-B09C-37A14BE8B8BE}.Debug|x86.ActiveCfg = Debug|Any CPU
		{0D62E0C9-C2F6-48C6-B09C-37A14BE8B8BE}.Debug|x86.Build.0 = Debug|Any CPU
		{0D62E0C9-C2F6-48C6-B09C-37A14BE8B8BE}.Release|Any CPU.ActiveCfg = Release|Any CPU
		{0D62E0C9-C2F6-48C6-B09C-37A14BE8B8BE}.Release|Any CPU.Build.0 = Release|Any CPU
		{0D62E0C9-C2F6-48C6-B09C-37A14BE8B8BE}.Release|x64.ActiveCfg = Release|Any CPU
		{0D62E0C9-C2F6-48C6-B09C-37A14BE8B8BE}.Release|x64.Build.0 = Release|Any CPU
		{0D62E0C9-C2F6-48C6-B09C-37A14BE8B8BE}.Release|x86.ActiveCfg = Release|Any CPU
		{0D62E0C9-C2F6-48C6-B09C-37A14BE8B8BE}.Release|x86.Build.0 = Release|Any CPU
	EndGlobalSection
	GlobalSection(SolutionProperties) = preSolution
		HideSolutionNode = FALSE
	EndGlobalSection
	GlobalSection(NestedProjects) = preSolution
		{68E72F78-D3B9-4693-A92A-D959ED3CB6F3} = {827E0CD3-B72D-47B6-A68D-7590B98EB39B}
		{5F237811-693B-4488-83B0-66BBA21BB333} = {827E0CD3-B72D-47B6-A68D-7590B98EB39B}
		{4A15AE80-E837-41F7-A1B9-05929C513A9A} = {827E0CD3-B72D-47B6-A68D-7590B98EB39B}
		{A8A2DECF-561C-4904-BA82-876BEF13F731} = {827E0CD3-B72D-47B6-A68D-7590B98EB39B}
		{EFB6EEC7-D825-40C5-9A66-4735C437A926} = {0AB3BF05-4346-4AA6-1389-037BE0695223}
		{C7F4E630-3773-4D70-894E-179272A45430} = {0AB3BF05-4346-4AA6-1389-037BE0695223}
		{92EEBCE4-F341-47FC-9C62-24E1967F3533} = {0AB3BF05-4346-4AA6-1389-037BE0695223}
		{0D62E0C9-C2F6-48C6-B09C-37A14BE8B8BE} = {0AB3BF05-4346-4AA6-1389-037BE0695223}
	EndGlobalSection
EndGlobal
